
Microsoft Visual Studio Solution File, Format Version 12.00
# Visual Studio 15
VisualStudioVersion = 15.0.28010.2036
MinimumVisualStudioVersion = 10.0.40219.1
Project("{FAE04EC0-301F-11D3-BF4B-00C04F79EFBC}") = "Team10BookStore", "Team10BookStore\Team10BookStore.csproj", "{4201BCE8-EA72-4485-9591-B0EB92909290}"
EndProject
Global
	GlobalSection(SolutionConfigurationPlatforms) = preSolution
		Debug|Any CPU = Debug|Any CPU
		Release|Any CPU = Release|Any CPU
	EndGlobalSection
	GlobalSection(ProjectConfigurationPlatforms) = postSolution
		{4201BCE8-EA72-4485-9591-B0EB92909290}.Debug|Any CPU.ActiveCfg = Debug|Any CPU
		{4201BCE8-EA72-4485-9591-B0EB92909290}.Debug|Any CPU.Build.0 = Debug|Any CPU
		{4201BCE8-EA72-4485-9591-B0EB92909290}.Release|Any CPU.ActiveCfg = Release|Any CPU
		{4201BCE8-EA72-4485-9591-B0EB92909290}.Release|Any CPU.Build.0 = Release|Any CPU
	EndGlobalSection
	GlobalSection(SolutionProperties) = preSolution
		HideSolutionNode = FALSE
	EndGlobalSection
	GlobalSection(ExtensibilityGlobals) = postSolution
		SolutionGuid = {7F49B40A-4849-4880-B67D-8CAFD523466E}
	EndGlobalSection
EndGlobal
